
Microsoft Visual Studio Solution File, Format Version 12.00
# Visual Studio Version 16
VisualStudioVersion = 16.0.31702.278
MinimumVisualStudioVersion = 10.0.40219.1
Project("{9A19103F-16F7-4668-BE54-9A1E7A4F7556}") = "Part1", "Part1\Part1.csproj", "{5662813D-A36B-41FD-AE55-393A25F769C3}"
EndProject
Project("{FAE04EC0-301F-11D3-BF4B-00C04F79EFBC}") = "Part2", "Part2\Part2.csproj", "{0F3CFB86-8E90-494A-B8E9-80DD37245E16}"
EndProject
Project("{FAE04EC0-301F-11D3-BF4B-00C04F79EFBC}") = "Part3", "Part3\Part3.csproj", "{488F0DFA-7FBA-47DE-B4A2-2012F2F87D88}"
EndProject
Global
	GlobalSection(SolutionConfigurationPlatforms) = preSolution
		Debug|Any CPU = Debug|Any CPU
		Release|Any CPU = Release|Any CPU
	EndGlobalSection
	GlobalSection(ProjectConfigurationPlatforms) = postSolution
		{5662813D-A36B-41FD-AE55-393A25F769C3}.Debug|Any CPU.ActiveCfg = Debug|Any CPU
		{5662813D-A36B-41FD-AE55-393A25F769C3}.Debug|Any CPU.Build.0 = Debug|Any CPU
		{5662813D-A36B-41FD-AE55-393A25F769C3}.Release|Any CPU.ActiveCfg = Release|Any CPU
		{5662813D-A36B-41FD-AE55-393A25F769C3}.Release|Any CPU.Build.0 = Release|Any CPU
		{0F3CFB86-8E90-494A-B8E9-80DD37245E16}.Debug|Any CPU.ActiveCfg = Debug|Any CPU
		{0F3CFB86-8E90-494A-B8E9-80DD37245E16}.Debug|Any CPU.Build.0 = Debug|Any CPU
		{0F3CFB86-8E90-494A-B8E9-80DD37245E16}.Release|Any CPU.ActiveCfg = Release|Any CPU
		{0F3CFB86-8E90-494A-B8E9-80DD37245E16}.Release|Any CPU.Build.0 = Release|Any CPU
		{488F0DFA-7FBA-47DE-B4A2-2012F2F87D88}.Debug|Any CPU.ActiveCfg = Debug|Any CPU
		{488F0DFA-7FBA-47DE-B4A2-2012F2F87D88}.Debug|Any CPU.Build.0 = Debug|Any CPU
		{488F0DFA-7FBA-47DE-B4A2-2012F2F87D88}.Release|Any CPU.ActiveCfg = Release|Any CPU
		{488F0DFA-7FBA-47DE-B4A2-2012F2F87D88}.Release|Any CPU.Build.0 = Release|Any CPU
	EndGlobalSection
	GlobalSection(SolutionProperties) = preSolution
		HideSolutionNode = FALSE
	EndGlobalSection
	GlobalSection(ExtensibilityGlobals) = postSolution
		SolutionGuid = {D58D6700-EDB0-49E8-89F8-1D702DE03608}
	EndGlobalSection
EndGlobal
